
Microsoft Visual Studio Solution File, Format Version 12.00
# Visual Studio Version 16
VisualStudioVersion = 16.0.31424.327
MinimumVisualStudioVersion = 10.0.40219.1
Project("{FAE04EC0-301F-11D3-BF4B-00C04F79EFBC}") = "ProjectFoodRecall", "ProjectFoodRecall.csproj", "{21B39A6D-4214-4D53-A696-377F3D1653E3}"
EndProject
Global
	GlobalSection(SolutionConfigurationPlatforms) = preSolution
		Debug|Any CPU = Debug|Any CPU
		Release|Any CPU = Release|Any CPU
	EndGlobalSection
	GlobalSection(ProjectConfigurationPlatforms) = postSolution
		{21B39A6D-4214-4D53-A696-377F3D1653E3}.Debug|Any CPU.ActiveCfg = Debug|Any CPU
		{21B39A6D-4214-4D53-A696-377F3D1653E3}.Debug|Any CPU.Build.0 = Debug|Any CPU
		{21B39A6D-4214-4D53-A696-377F3D1653E3}.Release|Any CPU.ActiveCfg = Release|Any CPU
		{21B39A6D-4214-4D53-A696-377F3D1653E3}.Release|Any CPU.Build.0 = Release|Any CPU
	EndGlobalSection
	GlobalSection(SolutionProperties) = preSolution
		HideSolutionNode = FALSE
	EndGlobalSection
	GlobalSection(ExtensibilityGlobals) = postSolution
		SolutionGuid = {28ECFC7E-F159-40FA-8626-E414EC33E6D9}
	EndGlobalSection
EndGlobal
